
Microsoft Visual Studio Solution File, Format Version 12.00
# Visual Studio Version 16
VisualStudioVersion = 16.0.32901.82
MinimumVisualStudioVersion = 10.0.40219.1
Project("{9A19103F-16F7-4668-BE54-9A1E7A4F7556}") = "DZ-4", "DZ-4.csproj", "{4418C9CD-DCFD-4BA4-A200-7728AA3ADE16}"
EndProject
Project("{FAE04EC0-301F-11D3-BF4B-00C04F79EFBC}") = "DZ-4.2", "..\DZ-4.2\DZ-4.2.csproj", "{14F36E3C-F658-4D26-81A0-23E76E0BD5E1}"
EndProject
Global
	GlobalSection(SolutionConfigurationPlatforms) = preSolution
		Debug|Any CPU = Debug|Any CPU
		Release|Any CPU = Release|Any CPU
	EndGlobalSection
	GlobalSection(ProjectConfigurationPlatforms) = postSolution
		{4418C9CD-DCFD-4BA4-A200-7728AA3ADE16}.Debug|Any CPU.ActiveCfg = Debug|Any CPU
		{4418C9CD-DCFD-4BA4-A200-7728AA3ADE16}.Debug|Any CPU.Build.0 = Debug|Any CPU
		{4418C9CD-DCFD-4BA4-A200-7728AA3ADE16}.Release|Any CPU.ActiveCfg = Release|Any CPU
		{4418C9CD-DCFD-4BA4-A200-7728AA3ADE16}.Release|Any CPU.Build.0 = Release|Any CPU
		{14F36E3C-F658-4D26-81A0-23E76E0BD5E1}.Debug|Any CPU.ActiveCfg = Debug|Any CPU
		{14F36E3C-F658-4D26-81A0-23E76E0BD5E1}.Debug|Any CPU.Build.0 = Debug|Any CPU
		{14F36E3C-F658-4D26-81A0-23E76E0BD5E1}.Release|Any CPU.ActiveCfg = Release|Any CPU
		{14F36E3C-F658-4D26-81A0-23E76E0BD5E1}.Release|Any CPU.Build.0 = Release|Any CPU
	EndGlobalSection
	GlobalSection(SolutionProperties) = preSolution
		HideSolutionNode = FALSE
	EndGlobalSection
	GlobalSection(ExtensibilityGlobals) = postSolution
		SolutionGuid = {EA31843E-DCB8-4655-B459-463D5586A3E9}
	EndGlobalSection
EndGlobal
